
Microsoft Visual Studio Solution File, Format Version 12.00
# Visual Studio Version 17
VisualStudioVersion = 17.13.35919.96 d17.13
MinimumVisualStudioVersion = 10.0.40219.1
Project("{FAE04EC0-301F-11D3-BF4B-00C04F79EFBC}") = "demodemo", "demodemo\demodemo.csproj", "{7B6934C5-F61F-491A-87E6-8EAA51C2222F}"
EndProject
Global
	GlobalSection(SolutionConfigurationPlatforms) = preSolution
		Debug|Any CPU = Debug|Any CPU
		Release|Any CPU = Release|Any CPU
	EndGlobalSection
	GlobalSection(ProjectConfigurationPlatforms) = postSolution
		{7B6934C5-F61F-491A-87E6-8EAA51C2222F}.Debug|Any CPU.ActiveCfg = Debug|Any CPU
		{7B6934C5-F61F-491A-87E6-8EAA51C2222F}.Debug|Any CPU.Build.0 = Debug|Any CPU
		{7B6934C5-F61F-491A-87E6-8EAA51C2222F}.Release|Any CPU.ActiveCfg = Release|Any CPU
		{7B6934C5-F61F-491A-87E6-8EAA51C2222F}.Release|Any CPU.Build.0 = Release|Any CPU
	EndGlobalSection
	GlobalSection(SolutionProperties) = preSolution
		HideSolutionNode = FALSE
	EndGlobalSection
	GlobalSection(ExtensibilityGlobals) = postSolution
		SolutionGuid = {E69AEB06-8C4E-43DF-997C-5AE8A9D6CA38}
	EndGlobalSection
EndGlobal
